
Microsoft Visual Studio Solution File, Format Version 12.00
# Visual Studio Version 17
VisualStudioVersion = 17.0.31903.59
MinimumVisualStudioVersion = 10.0.40219.1
Project("{2150E333-8FDC-42A3-9474-1A3956D46DE8}") = "src", "src", "{9ABA7331-52DC-4812-BFC2-1F9346DFF3B9}"
EndProject
Project("{FAE04EC0-301F-11D3-BF4B-00C04F79EFBC}") = "StudyDotnetRabbitMq.Application", "src\Application\StudyDotnetRabbitMq.Application.csproj", "{88DD1814-4E9B-4B4F-BD69-AB9DE808A87A}"
EndProject
Project("{FAE04EC0-301F-11D3-BF4B-00C04F79EFBC}") = "StudyDotnetRabbitMq.Domain", "src\Domain\StudyDotnetRabbitMq.Domain.csproj", "{9E86E45B-2D27-44C9-A1AC-D19FE07F198B}"
EndProject
Project("{FAE04EC0-301F-11D3-BF4B-00C04F79EFBC}") = "StudyDotnetRabbitMq.Infrastructure", "src\Infrastructure\StudyDotnetRabbitMq.Infrastructure.csproj", "{C9CB2A58-9137-4709-B501-C9EC405D4C2B}"
EndProject
Project("{FAE04EC0-301F-11D3-BF4B-00C04F79EFBC}") = "StudyDotnetRabbitMq.Presentation.WebApi", "src\Presentation.WebApi\StudyDotnetRabbitMq.Presentation.WebApi.csproj", "{932BC652-C43C-40DE-942D-01CC1B227E22}"
EndProject
Project("{2150E333-8FDC-42A3-9474-1A3956D46DE8}") = "tests", "tests", "{B17EB97A-CBFC-4A42-9EC6-44532FEBC27D}"
EndProject
Project("{FAE04EC0-301F-11D3-BF4B-00C04F79EFBC}") = "StudyDotnetRabbitMq.Application.Tests", "tests\Application.Tests\StudyDotnetRabbitMq.Application.Tests.csproj", "{CB692BA5-EC04-4E6D-8037-93843BAB9033}"
EndProject
Project("{FAE04EC0-301F-11D3-BF4B-00C04F79EFBC}") = "StudyDotnetRabbitMq.Domain.Tests", "tests\Domain.Tests\StudyDotnetRabbitMq.Domain.Tests.csproj", "{115544C0-4855-4992-96DB-E26CB5639966}"
EndProject
Project("{FAE04EC0-301F-11D3-BF4B-00C04F79EFBC}") = "StudyDotnetRabbitMq.Infrastructure.Tests", "tests\Infrastructure.Tests\StudyDotnetRabbitMq.Infrastructure.Tests.csproj", "{F23A42A2-59C4-4994-A2A0-42497D94DB26}"
EndProject
Project("{FAE04EC0-301F-11D3-BF4B-00C04F79EFBC}") = "StudyDotnetRabbitMq.Presentation.WebApi.Tests", "tests\Presentation.WebApi.Tests\StudyDotnetRabbitMq.Presentation.WebApi.Tests.csproj", "{29E8C38A-80E4-48D7-B209-84B4BD865B0B}"
EndProject
Global
	GlobalSection(SolutionConfigurationPlatforms) = preSolution
		Debug|Any CPU = Debug|Any CPU
		Release|Any CPU = Release|Any CPU
	EndGlobalSection
	GlobalSection(SolutionProperties) = preSolution
		HideSolutionNode = FALSE
	EndGlobalSection
	GlobalSection(ProjectConfigurationPlatforms) = postSolution
		{88DD1814-4E9B-4B4F-BD69-AB9DE808A87A}.Debug|Any CPU.ActiveCfg = Debug|Any CPU
		{88DD1814-4E9B-4B4F-BD69-AB9DE808A87A}.Debug|Any CPU.Build.0 = Debug|Any CPU
		{88DD1814-4E9B-4B4F-BD69-AB9DE808A87A}.Release|Any CPU.ActiveCfg = Release|Any CPU
		{88DD1814-4E9B-4B4F-BD69-AB9DE808A87A}.Release|Any CPU.Build.0 = Release|Any CPU
		{9E86E45B-2D27-44C9-A1AC-D19FE07F198B}.Debug|Any CPU.ActiveCfg = Debug|Any CPU
		{9E86E45B-2D27-44C9-A1AC-D19FE07F198B}.Debug|Any CPU.Build.0 = Debug|Any CPU
		{9E86E45B-2D27-44C9-A1AC-D19FE07F198B}.Release|Any CPU.ActiveCfg = Release|Any CPU
		{9E86E45B-2D27-44C9-A1AC-D19FE07F198B}.Release|Any CPU.Build.0 = Release|Any CPU
		{C9CB2A58-9137-4709-B501-C9EC405D4C2B}.Debug|Any CPU.ActiveCfg = Debug|Any CPU
		{C9CB2A58-9137-4709-B501-C9EC405D4C2B}.Debug|Any CPU.Build.0 = Debug|Any CPU
		{C9CB2A58-9137-4709-B501-C9EC405D4C2B}.Release|Any CPU.ActiveCfg = Release|Any CPU
		{C9CB2A58-9137-4709-B501-C9EC405D4C2B}.Release|Any CPU.Build.0 = Release|Any CPU
		{932BC652-C43C-40DE-942D-01CC1B227E22}.Debug|Any CPU.ActiveCfg = Debug|Any CPU
		{932BC652-C43C-40DE-942D-01CC1B227E22}.Debug|Any CPU.Build.0 = Debug|Any CPU
		{932BC652-C43C-40DE-942D-01CC1B227E22}.Release|Any CPU.ActiveCfg = Release|Any CPU
		{932BC652-C43C-40DE-942D-01CC1B227E22}.Release|Any CPU.Build.0 = Release|Any CPU
		{CB692BA5-EC04-4E6D-8037-93843BAB9033}.Debug|Any CPU.ActiveCfg = Debug|Any CPU
		{CB692BA5-EC04-4E6D-8037-93843BAB9033}.Debug|Any CPU.Build.0 = Debug|Any CPU
		{CB692BA5-EC04-4E6D-8037-93843BAB9033}.Release|Any CPU.ActiveCfg = Release|Any CPU
		{CB692BA5-EC04-4E6D-8037-93843BAB9033}.Release|Any CPU.Build.0 = Release|Any CPU
		{115544C0-4855-4992-96DB-E26CB5639966}.Debug|Any CPU.ActiveCfg = Debug|Any CPU
		{115544C0-4855-4992-96DB-E26CB5639966}.Debug|Any CPU.Build.0 = Debug|Any CPU
		{115544C0-4855-4992-96DB-E26CB5639966}.Release|Any CPU.ActiveCfg = Release|Any CPU
		{115544C0-4855-4992-96DB-E26CB5639966}.Release|Any CPU.Build.0 = Release|Any CPU
		{F23A42A2-59C4-4994-A2A0-42497D94DB26}.Debug|Any CPU.ActiveCfg = Debug|Any CPU
		{F23A42A2-59C4-4994-A2A0-42497D94DB26}.Debug|Any CPU.Build.0 = Debug|Any CPU
		{F23A42A2-59C4-4994-A2A0-42497D94DB26}.Release|Any CPU.ActiveCfg = Release|Any CPU
		{F23A42A2-59C4-4994-A2A0-42497D94DB26}.Release|Any CPU.Build.0 = Release|Any CPU
		{29E8C38A-80E4-48D7-B209-84B4BD865B0B}.Debug|Any CPU.ActiveCfg = Debug|Any CPU
		{29E8C38A-80E4-48D7-B209-84B4BD865B0B}.Debug|Any CPU.Build.0 = Debug|Any CPU
		{29E8C38A-80E4-48D7-B209-84B4BD865B0B}.Release|Any CPU.ActiveCfg = Release|Any CPU
		{29E8C38A-80E4-48D7-B209-84B4BD865B0B}.Release|Any CPU.Build.0 = Release|Any CPU
	EndGlobalSection
	GlobalSection(NestedProjects) = preSolution
		{88DD1814-4E9B-4B4F-BD69-AB9DE808A87A} = {9ABA7331-52DC-4812-BFC2-1F9346DFF3B9}
		{9E86E45B-2D27-44C9-A1AC-D19FE07F198B} = {9ABA7331-52DC-4812-BFC2-1F9346DFF3B9}
		{C9CB2A58-9137-4709-B501-C9EC405D4C2B} = {9ABA7331-52DC-4812-BFC2-1F9346DFF3B9}
		{932BC652-C43C-40DE-942D-01CC1B227E22} = {9ABA7331-52DC-4812-BFC2-1F9346DFF3B9}
		{CB692BA5-EC04-4E6D-8037-93843BAB9033} = {B17EB97A-CBFC-4A42-9EC6-44532FEBC27D}
		{115544C0-4855-4992-96DB-E26CB5639966} = {B17EB97A-CBFC-4A42-9EC6-44532FEBC27D}
		{F23A42A2-59C4-4994-A2A0-42497D94DB26} = {B17EB97A-CBFC-4A42-9EC6-44532FEBC27D}
		{29E8C38A-80E4-48D7-B209-84B4BD865B0B} = {B17EB97A-CBFC-4A42-9EC6-44532FEBC27D}
	EndGlobalSection
EndGlobal
